// !$*UTF8*$!
{
	archiveVersion = 1;
	classes = {
	};
	objectVersion = 46;
	objects = {

/* Begin PBXBuildFile section */
		11E33201928AAF8F4A9F62C9 /* libPods-ChinaldUITests.a in Frameworks */ = {isa = PBXBuildFile; fileRef = 532C0F8CE18543136DCD21F3 /* libPods-ChinaldUITests.a */; };
		36DAD4771F173842BEF7B904 /* libPods-ChinaldTests.a in Frameworks */ = {isa = PBXBuildFile; fileRef = A848BABA19E4FB9B75E12D5F /* libPods-ChinaldTests.a */; };
		D85D0724D97AE9E961B1C0AB /* libPods-Chinald.a in Frameworks */ = {isa = PBXBuildFile; fileRef = 507D2FA8AA6ABC89D1430F6C /* libPods-Chinald.a */; };
		E5DBAD6420580B3600B29BFB /* main.m in Sources */ = {isa = PBXBuildFile; fileRef = E5DBAD6320580B3600B29BFB /* main.m */; };
		E5DBAD6720580B3600B29BFB /* AppDelegate.m in Sources */ = {isa = PBXBuildFile; fileRef = E5DBAD6620580B3600B29BFB /* AppDelegate.m */; };
		E5DBAD6A20580B3600B29BFB /* ViewController.m in Sources */ = {isa = PBXBuildFile; fileRef = E5DBAD6920580B3600B29BFB /* ViewController.m */; };
		E5DBAD6D20580B3600B29BFB /* Main.storyboard in Resources */ = {isa = PBXBuildFile; fileRef = E5DBAD6B20580B3600B29BFB /* Main.storyboard */; };
		E5DBAD6F20580B3600B29BFB /* Assets.xcassets in Resources */ = {isa = PBXBuildFile; fileRef = E5DBAD6E20580B3600B29BFB /* Assets.xcassets */; };
		E5DBAD7220580B3600B29BFB /* LaunchScreen.storyboard in Resources */ = {isa = PBXBuildFile; fileRef = E5DBAD7020580B3600B29BFB /* LaunchScreen.storyboard */; };
		E5DBAD7D20580B3600B29BFB /* ChinaldTests.m in Sources */ = {isa = PBXBuildFile; fileRef = E5DBAD7C20580B3600B29BFB /* ChinaldTests.m */; };
		E5DBAD8820580B3600B29BFB /* ChinaldUITests.m in Sources */ = {isa = PBXBuildFile; fileRef = E5DBAD8720580B3600B29BFB /* ChinaldUITests.m */; };
/* End PBXBuildFile section */

/* Begin PBXContainerItemProxy section */
		E5DBAD7920580B3600B29BFB /* PBXContainerItemProxy */ = {
			isa = PBXContainerItemProxy;
			containerPortal = E5DBAD5720580B3600B29BFB /* Project object */;
			proxyType = 1;
			remoteGlobalIDString = E5DBAD5E20580B3600B29BFB;
			remoteInfo = Chinald;
		};
		E5DBAD8420580B3600B29BFB /* PBXContainerItemProxy */ = {
			isa = PBXContainerItemProxy;
			containerPortal = E5DBAD5720580B3600B29BFB /* Project object */;
			proxyType = 1;
			remoteGlobalIDString = E5DBAD5E20580B3600B29BFB;
			remoteInfo = Chinald;
		};
/* End PBXContainerItemProxy section */

/* Begin PBXFileReference section */
		0206BDCBA85F34343C0BC439 /* Pods-Chinald.release.xcconfig */ = {isa = PBXFileReference; includeInIndex = 1; lastKnownFileType = text.xcconfig; name = "Pods-Chinald.release.xcconfig"; path = "Pods/Target Support Files/Pods-Chinald/Pods-Chinald.release.xcconfig"; sourceTree = "<group>"; };
		507D2FA8AA6ABC89D1430F6C /* libPods-Chinald.a */ = {isa = PBXFileReference; explicitFileType = archive.ar; includeInIndex = 0; path = "libPods-Chinald.a"; sourceTree = BUILT_PRODUCTS_DIR; };
		532C0F8CE18543136DCD21F3 /* libPods-ChinaldUITests.a */ = {isa = PBXFileReference; explicitFileType = archive.ar; includeInIndex = 0; path = "libPods-ChinaldUITests.a"; sourceTree = BUILT_PRODUCTS_DIR; };
		56413840FA9A4ECDFA14EE99 /* Pods-ChinaldTests.release.xcconfig */ = {isa = PBXFileReference; includeInIndex = 1; lastKnownFileType = text.xcconfig; name = "Pods-ChinaldTests.release.xcconfig"; path = "Pods/Target Support Files/Pods-ChinaldTests/Pods-ChinaldTests.release.xcconfig"; sourceTree = "<group>"; };
		68C593923CE87983C4E7A9C2 /* Pods-ChinaldUITests.debug.xcconfig */ = {isa = PBXFileReference; includeInIndex = 1; lastKnownFileType = text.xcconfig; name = "Pods-ChinaldUITests.debug.xcconfig"; path = "Pods/Target Support Files/Pods-ChinaldUITests/Pods-ChinaldUITests.debug.xcconfig"; sourceTree = "<group>"; };
		A848BABA19E4FB9B75E12D5F /* libPods-ChinaldTests.a */ = {isa = PBXFileReference; explicitFileType = archive.ar; includeInIndex = 0; path = "libPods-ChinaldTests.a"; sourceTree = BUILT_PRODUCTS_DIR; };
		B8D1C375971345AC814F7F48 /* Pods-ChinaldUITests.release.xcconfig */ = {isa = PBXFileReference; includeInIndex = 1; lastKnownFileType = text.xcconfig; name = "Pods-ChinaldUITests.release.xcconfig"; path = "Pods/Target Support Files/Pods-ChinaldUITests/Pods-ChinaldUITests.release.xcconfig"; sourceTree = "<group>"; };
		BD60B07014DCBC5E8DAF9378 /* Pods-Chinald.debug.xcconfig */ = {isa = PBXFileReference; includeInIndex = 1; lastKnownFileType = text.xcconfig; name = "Pods-Chinald.debug.xcconfig"; path = "Pods/Target Support Files/Pods-Chinald/Pods-Chinald.debug.xcconfig"; sourceTree = "<group>"; };
		E5DBAD5F20580B3600B29BFB /* Chinald.app */ = {isa = PBXFileReference; explicitFileType = wrapper.application; includeInIndex = 0; path = Chinald.app; sourceTree = BUILT_PRODUCTS_DIR; };
		E5DBAD6320580B3600B29BFB /* main.m */ = {isa = PBXFileReference; lastKnownFileType = sourcecode.c.objc; path = main.m; sourceTree = "<group>"; };
		E5DBAD6520580B3600B29BFB /* AppDelegate.h */ = {isa = PBXFileReference; lastKnownFileType = sourcecode.c.h; path = AppDelegate.h; sourceTree = "<group>"; };
		E5DBAD6620580B3600B29BFB /* AppDelegate.m */ = {isa = PBXFileReference; lastKnownFileType = sourcecode.c.objc; path = AppDelegate.m; sourceTree = "<group>"; };
		E5DBAD6820580B3600B29BFB /* ViewController.h */ = {isa = PBXFileReference; lastKnownFileType = sourcecode.c.h; path = ViewController.h; sourceTree = "<group>"; };
		E5DBAD6920580B3600B29BFB /* ViewController.m */ = {isa = PBXFileReference; lastKnownFileType = sourcecode.c.objc; path = ViewController.m; sourceTree = "<group>"; };
		E5DBAD6C20580B3600B29BFB /* Base */ = {isa = PBXFileReference; lastKnownFileType = file.storyboard; name = Base; path = Base.lproj/Main.storyboard; sourceTree = "<group>"; };
		E5DBAD6E20580B3600B29BFB /* Assets.xcassets */ = {isa = PBXFileReference; lastKnownFileType = folder.assetcatalog; path = Assets.xcassets; sourceTree = "<group>"; };
		E5DBAD7120580B3600B29BFB /* Base */ = {isa = PBXFileReference; lastKnownFileType = file.storyboard; name = Base; path = Base.lproj/LaunchScreen.storyboard; sourceTree = "<group>"; };
		E5DBAD7320580B3600B29BFB /* Info.plist */ = {isa = PBXFileReference; lastKnownFileType = text.plist.xml; path = Info.plist; sourceTree = "<group>"; };
		E5DBAD7820580B3600B29BFB /* ChinaldTests.xctest */ = {isa = PBXFileReference; explicitFileType = wrapper.cfbundle; includeInIndex = 0; path = ChinaldTests.xctest; sourceTree = BUILT_PRODUCTS_DIR; };
		E5DBAD7C20580B3600B29BFB /* ChinaldTests.m */ = {isa = PBXFileReference; lastKnownFileType = sourcecode.c.objc; path = ChinaldTests.m; sourceTree = "<group>"; };
		E5DBAD7E20580B3600B29BFB /* Info.plist */ = {isa = PBXFileReference; lastKnownFileType = text.plist.xml; path = Info.plist; sourceTree = "<group>"; };
		E5DBAD8320580B3600B29BFB /* ChinaldUITests.xctest */ = {isa = PBXFileReference; explicitFileType = wrapper.cfbundle; includeInIndex = 0; path = ChinaldUITests.xctest; sourceTree = BUILT_PRODUCTS_DIR; };
		E5DBAD8720580B3600B29BFB /* ChinaldUITests.m */ = {isa = PBXFileReference; lastKnownFileType = sourcecode.c.objc; path = ChinaldUITests.m; sourceTree = "<group>"; };
		E5DBAD8920580B3600B29BFB /* Info.plist */ = {isa = PBXFileReference; lastKnownFileType = text.plist.xml; path = Info.plist; sourceTree = "<group>"; };
		E9D22CFB835FB2DEF204FF22 /* Pods-ChinaldTests.debug.xcconfig */ = {isa = PBXFileReference; includeInIndex = 1; lastKnownFileType = text.xcconfig; name = "Pods-ChinaldTests.debug.xcconfig"; path = "Pods/Target Support Files/Pods-ChinaldTests/Pods-ChinaldTests.debug.xcconfig"; sourceTree = "<group>"; };
/* End PBXFileReference section */

/* Begin PBXFrameworksBuildPhase section */
		E5DBAD5C20580B3600B29BFB /* Frameworks */ = {
			isa = PBXFrameworksBuildPhase;
			buildActionMask = 2147483647;
			files = (
				D85D0724D97AE9E961B1C0AB /* libPods-Chinald.a in Frameworks */,
			);
			runOnlyForDeploymentPostprocessing = 0;
		};
		E5DBAD7520580B3600B29BFB /* Frameworks */ = {
			isa = PBXFrameworksBuildPhase;
			buildActionMask = 2147483647;
			files = (
				36DAD4771F173842BEF7B904 /* libPods-ChinaldTests.a in Frameworks */,
			);
			runOnlyForDeploymentPostprocessing = 0;
		};
		E5DBAD8020580B3600B29BFB /* Frameworks */ = {
			isa = PBXFrameworksBuildPhase;
			buildActionMask = 2147483647;
			files = (
				11E33201928AAF8F4A9F62C9 /* libPods-ChinaldUITests.a in Frameworks */,
			);
			runOnlyForDeploymentPostprocessing = 0;
		};
/* End PBXFrameworksBuildPhase section */

/* Begin PBXGroup section */
		1DB4B920423D62A5335582D7 /* Frameworks */ = {
			isa = PBXGroup;
			children = (
				507D2FA8AA6ABC89D1430F6C /* libPods-Chinald.a */,
				A848BABA19E4FB9B75E12D5F /* libPods-ChinaldTests.a */,
				532C0F8CE18543136DCD21F3 /* libPods-ChinaldUITests.a */,
			);
			name = Frameworks;
			sourceTree = "<group>";
		};
		7506D709035DC76CEBA5048C /* Pods */ = {
			isa = PBXGroup;
			children = (
				BD60B07014DCBC5E8DAF9378 /* Pods-Chinald.debug.xcconfig */,
				0206BDCBA85F34343C0BC439 /* Pods-Chinald.release.xcconfig */,
				E9D22CFB835FB2DEF204FF22 /* Pods-ChinaldTests.debug.xcconfig */,
				56413840FA9A4ECDFA14EE99 /* Pods-ChinaldTests.release.xcconfig */,
				68C593923CE87983C4E7A9C2 /* Pods-ChinaldUITests.debug.xcconfig */,
				B8D1C375971345AC814F7F48 /* Pods-ChinaldUITests.release.xcconfig */,
			);
			name = Pods;
			sourceTree = "<group>";
		};
		E559F8EF20581E8700DC12AE /* ThirdParts */ = {
			isa = PBXGroup;
			children = (
			);
			path = ThirdParts;
			sourceTree = "<group>";
		};
		E5DBAD5620580B3600B29BFB = {
			isa = PBXGroup;
			children = (
				E5DBAD6120580B3600B29BFB /* Chinald */,
				E5DBAD7B20580B3600B29BFB /* ChinaldTests */,
				E5DBAD8620580B3600B29BFB /* ChinaldUITests */,
				E5DBAD6020580B3600B29BFB /* Products */,
				7506D709035DC76CEBA5048C /* Pods */,
				1DB4B920423D62A5335582D7 /* Frameworks */,
			);
			sourceTree = "<group>";
		};
		E5DBAD6020580B3600B29BFB /* Products */ = {
			isa = PBXGroup;
			children = (
				E5DBAD5F20580B3600B29BFB /* Chinald.app */,
				E5DBAD7820580B3600B29BFB /* ChinaldTests.xctest */,
				E5DBAD8320580B3600B29BFB /* ChinaldUITests.xctest */,
			);
			name = Products;
			sourceTree = "<group>";
		};
		E5DBAD6120580B3600B29BFB /* Chinald */ = {
			isa = PBXGroup;
			children = (
				E559F8EF20581E8700DC12AE /* ThirdParts */,
				E5DBAD6520580B3600B29BFB /* AppDelegate.h */,
				E5DBAD6620580B3600B29BFB /* AppDelegate.m */,
				E5DBAD6820580B3600B29BFB /* ViewController.h */,
				E5DBAD6920580B3600B29BFB /* ViewController.m */,
				E5DBAD6B20580B3600B29BFB /* Main.storyboard */,
				E5DBAD6E20580B3600B29BFB /* Assets.xcassets */,
				E5DBAD7020580B3600B29BFB /* LaunchScreen.storyboard */,
				E5DBAD7320580B3600B29BFB /* Info.plist */,
				E5DBAD6220580B3600B29BFB /* Supporting Files */,
			);
			path = Chinald;
			sourceTree = "<group>";
		};
		E5DBAD6220580B3600B29BFB /* Supporting Files */ = {
			isa = PBXGroup;
			children = (
				E5DBAD6320580B3600B29BFB /* main.m */,
			);
			name = "Supporting Files";
			sourceTree = "<group>";
		};
		E5DBAD7B20580B3600B29BFB /* ChinaldTests */ = {
			isa = PBXGroup;
			children = (
				E5DBAD7C20580B3600B29BFB /* ChinaldTests.m */,
				E5DBAD7E20580B3600B29BFB /* Info.plist */,
			);
			path = ChinaldTests;
			sourceTree = "<group>";
		};
		E5DBAD8620580B3600B29BFB /* ChinaldUITests */ = {
			isa = PBXGroup;
			children = (
				E5DBAD8720580B3600B29BFB /* ChinaldUITests.m */,
				E5DBAD8920580B3600B29BFB /* Info.plist */,
			);
			path = ChinaldUITests;
			sourceTree = "<group>";
		};
/* End PBXGroup section */

/* Begin PBXNativeTarget section */
		E5DBAD5E20580B3600B29BFB /* Chinald */ = {
			isa = PBXNativeTarget;
			buildConfigurationList = E5DBAD8C20580B3600B29BFB /* Build configuration list for PBXNativeTarget "Chinald" */;
			buildPhases = (
				F558D0904B88385C73290B08 /* [CP] Check Pods Manifest.lock */,
				E5DBAD5B20580B3600B29BFB /* Sources */,
				E5DBAD5C20580B3600B29BFB /* Frameworks */,
				E5DBAD5D20580B3600B29BFB /* Resources */,
				947FBCF7BEDBD9A3602C11C5 /* [CP] Embed Pods Frameworks */,
				B749B2A249A52FEB4E97220A /* [CP] Copy Pods Resources */,
			);
			buildRules = (
			);
			dependencies = (
			);
			name = Chinald;
			productName = Chinald;
			productReference = E5DBAD5F20580B3600B29BFB /* Chinald.app */;
			productType = "com.apple.product-type.application";
		};
		E5DBAD7720580B3600B29BFB /* ChinaldTests */ = {
			isa = PBXNativeTarget;
			buildConfigurationList = E5DBAD8F20580B3600B29BFB /* Build configuration list for PBXNativeTarget "ChinaldTests" */;
			buildPhases = (
				6E7A84D1EAA9197C2B23FDDF /* [CP] Check Pods Manifest.lock */,
				E5DBAD7420580B3600B29BFB /* Sources */,
				E5DBAD7520580B3600B29BFB /* Frameworks */,
				E5DBAD7620580B3600B29BFB /* Resources */,
				AD628BBCF0DC8A4E47ECC1F5 /* [CP] Embed Pods Frameworks */,
				8A6744A8187F686711CA9A58 /* [CP] Copy Pods Resources */,
			);
			buildRules = (
			);
			dependencies = (
				E5DBAD7A20580B3600B29BFB /* PBXTargetDependency */,
			);
			name = ChinaldTests;
			productName = ChinaldTests;
			productReference = E5DBAD7820580B3600B29BFB /* ChinaldTests.xctest */;
			productType = "com.apple.product-type.bundle.unit-test";
		};
		E5DBAD8220580B3600B29BFB /* ChinaldUITests */ = {
			isa = PBXNativeTarget;
			buildConfigurationList = E5DBAD9220580B3600B29BFB /* Build configuration list for PBXNativeTarget "ChinaldUITests" */;
			buildPhases = (
				BBED22D3B02AA210DDBE5C69 /* [CP] Check Pods Manifest.lock */,
				E5DBAD7F20580B3600B29BFB /* Sources */,
				E5DBAD8020580B3600B29BFB /* Frameworks */,
				E5DBAD8120580B3600B29BFB /* Resources */,
				D2CD0F9C9B4A1E29A4DC0306 /* [CP] Embed Pods Frameworks */,
				28C861470A8FE43B96C02222 /* [CP] Copy Pods Resources */,
			);
			buildRules = (
			);
			dependencies = (
				E5DBAD8520580B3600B29BFB /* PBXTargetDependency */,
			);
			name = ChinaldUITests;
			productName = ChinaldUITests;
			productReference = E5DBAD8320580B3600B29BFB /* ChinaldUITests.xctest */;
			productType = "com.apple.product-type.bundle.ui-testing";
		};
/* End PBXNativeTarget section */

/* Begin PBXProject section */
		E5DBAD5720580B3600B29BFB /* Project object */ = {
			isa = PBXProject;
			attributes = {
				LastUpgradeCheck = 0830;
				ORGANIZATIONNAME = HuaYing;
				TargetAttributes = {
					E5DBAD5E20580B3600B29BFB = {
						CreatedOnToolsVersion = 8.3.3;
						ProvisioningStyle = Automatic;
					};
					E5DBAD7720580B3600B29BFB = {
						CreatedOnToolsVersion = 8.3.3;
						ProvisioningStyle = Automatic;
						TestTargetID = E5DBAD5E20580B3600B29BFB;
					};
					E5DBAD8220580B3600B29BFB = {
						CreatedOnToolsVersion = 8.3.3;
						ProvisioningStyle = Automatic;
						TestTargetID = E5DBAD5E20580B3600B29BFB;
					};
				};
			};
			buildConfigurationList = E5DBAD5A20580B3600B29BFB /* Build configuration list for PBXProject "Chinald" */;
			compatibilityVersion = "Xcode 3.2";
			developmentRegion = English;
			hasScannedForEncodings = 0;
			knownRegions = (
				en,
				Base,
			);
			mainGroup = E5DBAD5620580B3600B29BFB;
			productRefGroup = E5DBAD6020580B3600B29BFB /* Products */;
			projectDirPath = "";
			projectRoot = "";
			targets = (
				E5DBAD5E20580B3600B29BFB /* Chinald */,
				E5DBAD7720580B3600B29BFB /* ChinaldTests */,
				E5DBAD8220580B3600B29BFB /* ChinaldUITests */,
			);
		};
/* End PBXProject section */

/* Begin PBXResourcesBuildPhase section */
		E5DBAD5D20580B3600B29BFB /* Resources */ = {
			isa = PBXResourcesBuildPhase;
			buildActionMask = 2147483647;
			files = (
				E5DBAD7220580B3600B29BFB /* LaunchScreen.storyboard in Resources */,
				E5DBAD6F20580B3600B29BFB /* Assets.xcassets in Resources */,
				E5DBAD6D20580B3600B29BFB /* Main.storyboard in Resources */,
			);
			runOnlyForDeploymentPostprocessing = 0;
		};
		E5DBAD7620580B3600B29BFB /* Resources */ = {
			isa = PBXResourcesBuildPhase;
			buildActionMask = 2147483647;
			files = (
			);
			runOnlyForDeploymentPostprocessing = 0;
		};
		E5DBAD8120580B3600B29BFB /* Resources */ = {
			isa = PBXResourcesBuildPhase;
			buildActionMask = 2147483647;
			files = (
			);
			runOnlyForDeploymentPostprocessing = 0;
		};
/* End PBXResourcesBuildPhase section */

/* Begin PBXShellScriptBuildPhase section */
		28C861470A8FE43B96C02222 /* [CP] Copy Pods Resources */ = {
			isa = PBXShellScriptBuildPhase;
			buildActionMask = 2147483647;
			files = (
			);
			inputPaths = (
			);
			name = "[CP] Copy Pods Resources";
			outputPaths = (
			);
			runOnlyForDeploymentPostprocessing = 0;
			shellPath = /bin/sh;
			shellScript = "\"${SRCROOT}/Pods/Target Support Files/Pods-ChinaldUITests/Pods-ChinaldUITests-resources.sh\"\n";
			showEnvVarsInLog = 0;
		};
		6E7A84D1EAA9197C2B23FDDF /* [CP] Check Pods Manifest.lock */ = {
			isa = PBXShellScriptBuildPhase;
			buildActionMask = 2147483647;
			files = (
			);
			inputPaths = (
			);
			name = "[CP] Check Pods Manifest.lock";
			outputPaths = (
			);
			runOnlyForDeploymentPostprocessing = 0;
			shellPath = /bin/sh;
			shellScript = "diff \"${PODS_ROOT}/../Podfile.lock\" \"${PODS_ROOT}/Manifest.lock\" > /dev/null\nif [ $? != 0 ] ; then\n    # print error to STDERR\n    echo \"error: The sandbox is not in sync with the Podfile.lock. Run 'pod install' or update your CocoaPods installation.\" >&2\n    exit 1\nfi\n";
			showEnvVarsInLog = 0;
		};
		8A6744A8187F686711CA9A58 /* [CP] Copy Pods Resources */ = {
			isa = PBXShellScriptBuildPhase;
			buildActionMask = 2147483647;
			files = (
			);
			inputPaths = (
			);
			name = "[CP] Copy Pods Resources";
			outputPaths = (
			);
			runOnlyForDeploymentPostprocessing = 0;
			shellPath = /bin/sh;
			shellScript = "\"${SRCROOT}/Pods/Target Support Files/Pods-ChinaldTests/Pods-ChinaldTests-resources.sh\"\n";
			showEnvVarsInLog = 0;
		};
		947FBCF7BEDBD9A3602C11C5 /* [CP] Embed Pods Frameworks */ = {
			isa = PBXShellScriptBuildPhase;
			buildActionMask = 2147483647;
			files = (
			);
			inputPaths = (
			);
			name = "[CP] Embed Pods Frameworks";
			outputPaths = (
			);
			runOnlyForDeploymentPostprocessing = 0;
			shellPath = /bin/sh;
			shellScript = "\"${SRCROOT}/Pods/Target Support Files/Pods-Chinald/Pods-Chinald-frameworks.sh\"\n";
			showEnvVarsInLog = 0;
		};
		AD628BBCF0DC8A4E47ECC1F5 /* [CP] Embed Pods Frameworks */ = {
			isa = PBXShellScriptBuildPhase;
			buildActionMask = 2147483647;
			files = (
			);
			inputPaths = (
			);
			name = "[CP] Embed Pods Frameworks";
			outputPaths = (
			);
			runOnlyForDeploymentPostprocessing = 0;
			shellPath = /bin/sh;
			shellScript = "\"${SRCROOT}/Pods/Target Support Files/Pods-ChinaldTests/Pods-ChinaldTests-frameworks.sh\"\n";
			showEnvVarsInLog = 0;
		};
		B749B2A249A52FEB4E97220A /* [CP] Copy Pods Resources */ = {
			isa = PBXShellScriptBuildPhase;
			buildActionMask = 2147483647;
			files = (
			);
			inputPaths = (
			);
			name = "[CP] Copy Pods Resources";
			outputPaths = (
			);
			runOnlyForDeploymentPostprocessing = 0;
			shellPath = /bin/sh;
			shellScript = "\"${SRCROOT}/Pods/Target Support Files/Pods-Chinald/Pods-Chinald-resources.sh\"\n";
			showEnvVarsInLog = 0;
		};
		BBED22D3B02AA210DDBE5C69 /* [CP] Check Pods Manifest.lock */ = {
			isa = PBXShellScriptBuildPhase;
			buildActionMask = 2147483647;
			files = (
			);
			inputPaths = (
			);
			name = "[CP] Check Pods Manifest.lock";
			outputPaths = (
			);
			runOnlyForDeploymentPostprocessing = 0;
			shellPath = /bin/sh;
			shellScript = "diff \"${PODS_ROOT}/../Podfile.lock\" \"${PODS_ROOT}/Manifest.lock\" > /dev/null\nif [ $? != 0 ] ; then\n    # print error to STDERR\n    echo \"error: The sandbox is not in sync with the Podfile.lock. Run 'pod install' or update your CocoaPods installation.\" >&2\n    exit 1\nfi\n";
			showEnvVarsInLog = 0;
		};
		D2CD0F9C9B4A1E29A4DC0306 /* [CP] Embed Pods Frameworks */ = {
			isa = PBXShellScriptBuildPhase;
			buildActionMask = 2147483647;
			files = (
			);
			inputPaths = (
			);
			name = "[CP] Embed Pods Frameworks";
			outputPaths = (
			);
			runOnlyForDeploymentPostprocessing = 0;
			shellPath = /bin/sh;
			shellScript = "\"${SRCROOT}/Pods/Target Support Files/Pods-ChinaldUITests/Pods-ChinaldUITests-frameworks.sh\"\n";
			showEnvVarsInLog = 0;
		};
		F558D0904B88385C73290B08 /* [CP] Check Pods Manifest.lock */ = {
			isa = PBXShellScriptBuildPhase;
			buildActionMask = 2147483647;
			files = (
			);
			inputPaths = (
			);
			name = "[CP] Check Pods Manifest.lock";
			outputPaths = (
			);
			runOnlyForDeploymentPostprocessing = 0;
			shellPath = /bin/sh;
			shellScript = "diff \"${PODS_ROOT}/../Podfile.lock\" \"${PODS_ROOT}/Manifest.lock\" > /dev/null\nif [ $? != 0 ] ; then\n    # print error to STDERR\n    echo \"error: The sandbox is not in sync with the Podfile.lock. Run 'pod install' or update your CocoaPods installation.\" >&2\n    exit 1\nfi\n";
			showEnvVarsInLog = 0;
		};
/* End PBXShellScriptBuildPhase section */

/* Begin PBXSourcesBuildPhase section */
		E5DBAD5B20580B3600B29BFB /* Sources */ = {
			isa = PBXSourcesBuildPhase;
			buildActionMask = 2147483647;
			files = (
				E5DBAD6A20580B3600B29BFB /* ViewController.m in Sources */,
				E5DBAD6720580B3600B29BFB /* AppDelegate.m in Sources */,
				E5DBAD6420580B3600B29BFB /* main.m in Sources */,
			);
			runOnlyForDeploymentPostprocessing = 0;
		};
		E5DBAD7420580B3600B29BFB /* Sources */ = {
			isa = PBXSourcesBuildPhase;
			buildActionMask = 2147483647;
			files = (
				E5DBAD7D20580B3600B29BFB /* ChinaldTests.m in Sources */,
			);
			runOnlyForDeploymentPostprocessing = 0;
		};
		E5DBAD7F20580B3600B29BFB /* Sources */ = {
			isa = PBXSourcesBuildPhase;
			buildActionMask = 2147483647;
			files = (
				E5DBAD8820580B3600B29BFB /* ChinaldUITests.m in Sources */,
			);
			runOnlyForDeploymentPostprocessing = 0;
		};
/* End PBXSourcesBuildPhase section */

/* Begin PBXTargetDependency section */
		E5DBAD7A20580B3600B29BFB /* PBXTargetDependency */ = {
			isa = PBXTargetDependency;
			target = E5DBAD5E20580B3600B29BFB /* Chinald */;
			targetProxy = E5DBAD7920580B3600B29BFB /* PBXContainerItemProxy */;
		};
		E5DBAD8520580B3600B29BFB /* PBXTargetDependency */ = {
			isa = PBXTargetDependency;
			target = E5DBAD5E20580B3600B29BFB /* Chinald */;
			targetProxy = E5DBAD8420580B3600B29BFB /* PBXContainerItemProxy */;
		};
/* End PBXTargetDependency section */

/* Begin PBXVariantGroup section */
		E5DBAD6B20580B3600B29BFB /* Main.storyboard */ = {
			isa = PBXVariantGroup;
			children = (
				E5DBAD6C20580B3600B29BFB /* Base */,
			);
			name = Main.storyboard;
			sourceTree = "<group>";
		};
		E5DBAD7020580B3600B29BFB /* LaunchScreen.storyboard */ = {
			isa = PBXVariantGroup;
			children = (
				E5DBAD7120580B3600B29BFB /* Base */,
			);
			name = LaunchScreen.storyboard;
			sourceTree = "<group>";
		};
/* End PBXVariantGroup section */

/* Begin XCBuildConfiguration section */
		E5DBAD8A20580B3600B29BFB /* Debug */ = {
			isa = XCBuildConfiguration;
			buildSettings = {
				ALWAYS_SEARCH_USER_PATHS = NO;
				CLANG_ANALYZER_NONNULL = YES;
				CLANG_ANALYZER_NUMBER_OBJECT_CONVERSION = YES_AGGRESSIVE;
				CLANG_CXX_LANGUAGE_STANDARD = "gnu++0x";
				CLANG_CXX_LIBRARY = "libc++";
				CLANG_ENABLE_MODULES = YES;
				CLANG_ENABLE_OBJC_ARC = YES;
				CLANG_WARN_BOOL_CONVERSION = YES;
				CLANG_WARN_CONSTANT_CONVERSION = YES;
				CLANG_WARN_DIRECT_OBJC_ISA_USAGE = YES_ERROR;
				CLANG_WARN_DOCUMENTATION_COMMENTS = YES;
				CLANG_WARN_EMPTY_BODY = YES;
				CLANG_WARN_ENUM_CONVERSION = YES;
				CLANG_WARN_INFINITE_RECURSION = YES;
				CLANG_WARN_INT_CONVERSION = YES;
				CLANG_WARN_OBJC_ROOT_CLASS = YES_ERROR;
				CLANG_WARN_SUSPICIOUS_MOVE = YES;
				CLANG_WARN_UNREACHABLE_CODE = YES;
				CLANG_WARN__DUPLICATE_METHOD_MATCH = YES;
				"CODE_SIGN_IDENTITY[sdk=iphoneos*]" = "iPhone Developer";
				COPY_PHASE_STRIP = NO;
				DEBUG_INFORMATION_FORMAT = dwarf;
				ENABLE_STRICT_OBJC_MSGSEND = YES;
				ENABLE_TESTABILITY = YES;
				GCC_C_LANGUAGE_STANDARD = gnu99;
				GCC_DYNAMIC_NO_PIC = NO;
				GCC_NO_COMMON_BLOCKS = YES;
				GCC_OPTIMIZATION_LEVEL = 0;
				GCC_PREPROCESSOR_DEFINITIONS = (
					"DEBUG=1",
					"$(inherited)",
				);
				GCC_WARN_64_TO_32_BIT_CONVERSION = YES;
				GCC_WARN_ABOUT_RETURN_TYPE = YES_ERROR;
				GCC_WARN_UNDECLARED_SELECTOR = YES;
				GCC_WARN_UNINITIALIZED_AUTOS = YES_AGGRESSIVE;
				GCC_WARN_UNUSED_FUNCTION = YES;
				GCC_WARN_UNUSED_VARIABLE = YES;
				IPHONEOS_DEPLOYMENT_TARGET = 10.3;
				MTL_ENABLE_DEBUG_INFO = YES;
				ONLY_ACTIVE_ARCH = YES;
				SDKROOT = iphoneos;
			};
			name = Debug;
		};
		E5DBAD8B20580B3600B29BFB /* Release */ = {
			isa = XCBuildConfiguration;
			buildSettings = {
				ALWAYS_SEARCH_USER_PATHS = NO;
				CLANG_ANALYZER_NONNULL = YES;
				CLANG_ANALYZER_NUMBER_OBJECT_CONVERSION = YES_AGGRESSIVE;
				CLANG_CXX_LANGUAGE_STANDARD = "gnu++0x";
				CLANG_CXX_LIBRARY = "libc++";
				CLANG_ENABLE_MODULES = YES;
				CLANG_ENABLE_OBJC_ARC = YES;
				CLANG_WARN_BOOL_CONVERSION = YES;
				CLANG_WARN_CONSTANT_CONVERSION = YES;
				CLANG_WARN_DIRECT_OBJC_ISA_USAGE = YES_ERROR;
				CLANG_WARN_DOCUMENTATION_COMMENTS = YES;
				CLANG_WARN_EMPTY_BODY = YES;
				CLANG_WARN_ENUM_CONVERSION = YES;
				CLANG_WARN_INFINITE_RECURSION = YES;
				CLANG_WARN_INT_CONVERSION = YES;
				CLANG_WARN_OBJC_ROOT_CLASS = YES_ERROR;
				CLANG_WARN_SUSPICIOUS_MOVE = YES;
				CLANG_WARN_UNREACHABLE_CODE = YES;
				CLANG_WARN__DUPLICATE_METHOD_MATCH = YES;
				"CODE_SIGN_IDENTITY[sdk=iphoneos*]" = "iPhone Developer";
				COPY_PHASE_STRIP = NO;
				DEBUG_INFORMATION_FORMAT = "dwarf-with-dsym";
				ENABLE_NS_ASSERTIONS = NO;
				ENABLE_STRICT_OBJC_MSGSEND = YES;
				GCC_C_LANGUAGE_STANDARD = gnu99;
				GCC_NO_COMMON_BLOCKS = YES;
				GCC_WARN_64_TO_32_BIT_CONVERSION = YES;
				GCC_WARN_ABOUT_RETURN_TYPE = YES_ERROR;
				GCC_WARN_UNDECLARED_SELECTOR = YES;
				GCC_WARN_UNINITIALIZED_AUTOS = YES_AGGRESSIVE;
				GCC_WARN_UNUSED_FUNCTION = YES;
				GCC_WARN_UNUSED_VARIABLE = YES;
				IPHONEOS_DEPLOYMENT_TARGET = 10.3;
				MTL_ENABLE_DEBUG_INFO = NO;
				SDKROOT = iphoneos;
				VALIDATE_PRODUCT = YES;
			};
			name = Release;
		};
		E5DBAD8D20580B3600B29BFB /* Debug */ = {
			isa = XCBuildConfiguration;
			baseConfigurationReference = BD60B07014DCBC5E8DAF9378 /* Pods-Chinald.debug.xcconfig */;
			buildSettings = {
				ASSETCATALOG_COMPILER_APPICON_NAME = AppIcon;
				INFOPLIST_FILE = Chinald/Info.plist;
				IPHONEOS_DEPLOYMENT_TARGET = 8.0;
				LD_RUNPATH_SEARCH_PATHS = "$(inherited) @executable_path/Frameworks";
				PRODUCT_BUNDLE_IDENTIFIER = com.HuaYing.Chinald;
				PRODUCT_NAME = "$(TARGET_NAME)";
			};
			name = Debug;
		};
		E5DBAD8E20580B3600B29BFB /* Release */ = {
			isa = XCBuildConfiguration;
			baseConfigurationReference = 0206BDCBA85F34343C0BC439 /* Pods-Chinald.release.xcconfig */;
			buildSettings = {
				ASSETCATALOG_COMPILER_APPICON_NAME = AppIcon;
				INFOPLIST_FILE = Chinald/Info.plist;
				IPHONEOS_DEPLOYMENT_TARGET = 8.0;
				LD_RUNPATH_SEARCH_PATHS = "$(inherited) @executable_path/Frameworks";
				PRODUCT_BUNDLE_IDENTIFIER = com.HuaYing.Chinald;
				PRODUCT_NAME = "$(TARGET_NAME)";
			};
			name = Release;
		};
		E5DBAD9020580B3600B29BFB /* Debug */ = {
			isa = XCBuildConfiguration;
			baseConfigurationReference = E9D22CFB835FB2DEF204FF22 /* Pods-ChinaldTests.debug.xcconfig */;
			buildSettings = {
				BUNDLE_LOADER = "$(TEST_HOST)";
				INFOPLIST_FILE = ChinaldTests/Info.plist;
				LD_RUNPATH_SEARCH_PATHS = "$(inherited) @executable_path/Frameworks @loader_path/Frameworks";
				PRODUCT_BUNDLE_IDENTIFIER = com.HuaYing.ChinaldTests;
				PRODUCT_NAME = "$(TARGET_NAME)";
				TEST_HOST = "$(BUILT_PRODUCTS_DIR)/Chinald.app/Chinald";
			};
			name = Debug;
		};
		E5DBAD9120580B3600B29BFB /* Release */ = {
			isa = XCBuildConfiguration;
			baseConfigurationReference = 56413840FA9A4ECDFA14EE99 /* Pods-ChinaldTests.release.xcconfig */;
			buildSettings = {
				BUNDLE_LOADER = "$(TEST_HOST)";
				INFOPLIST_FILE = ChinaldTests/Info.plist;
				LD_RUNPATH_SEARCH_PATHS = "$(inherited) @executable_path/Frameworks @loader_path/Frameworks";
				PRODUCT_BUNDLE_IDENTIFIER = com.HuaYing.ChinaldTests;
				PRODUCT_NAME = "$(TARGET_NAME)";
				TEST_HOST = "$(BUILT_PRODUCTS_DIR)/Chinald.app/Chinald";
			};
			name = Release;
		};
		E5DBAD9320580B3600B29BFB /* Debug */ = {
			isa = XCBuildConfiguration;
			baseConfigurationReference = 68C593923CE87983C4E7A9C2 /* Pods-ChinaldUITests.debug.xcconfig */;
			buildSettings = {
				INFOPLIST_FILE = ChinaldUITests/Info.plist;
				LD_RUNPATH_SEARCH_PATHS = "$(inherited) @executable_path/Frameworks @loader_path/Frameworks";
				PRODUCT_BUNDLE_IDENTIFIER = com.HuaYing.ChinaldUITests;
				PRODUCT_NAME = "$(TARGET_NAME)";
				TEST_TARGET_NAME = Chinald;
			};
			name = Debug;
		};
		E5DBAD9420580B3600B29BFB /* Release */ = {
			isa = XCBuildConfiguration;
			baseConfigurationReference = B8D1C375971345AC814F7F48 /* Pods-ChinaldUITests.release.xcconfig */;
			buildSettings = {
				INFOPLIST_FILE = ChinaldUITests/Info.plist;
				LD_RUNPATH_SEARCH_PATHS = "$(inherited) @executable_path/Frameworks @loader_path/Frameworks";
				PRODUCT_BUNDLE_IDENTIFIER = com.HuaYing.ChinaldUITests;
				PRODUCT_NAME = "$(TARGET_NAME)";
				TEST_TARGET_NAME = Chinald;
			};
			name = Release;
		};
/* End XCBuildConfiguration section */

/* Begin XCConfigurationList section */
		E5DBAD5A20580B3600B29BFB /* Build configuration list for PBXProject "Chinald" */ = {
			isa = XCConfigurationList;
			buildConfigurations = (
				E5DBAD8A20580B3600B29BFB /* Debug */,
				E5DBAD8B20580B3600B29BFB /* Release */,
			);
			defaultConfigurationIsVisible = 0;
			defaultConfigurationName = Release;
		};
		E5DBAD8C20580B3600B29BFB /* Build configuration list for PBXNativeTarget "Chinald" */ = {
			isa = XCConfigurationList;
			buildConfigurations = (
				E5DBAD8D20580B3600B29BFB /* Debug */,
				E5DBAD8E20580B3600B29BFB /* Release */,
			);
			defaultConfigurationIsVisible = 0;
			defaultConfigurationName = Release;
		};
		E5DBAD8F20580B3600B29BFB /* Build configuration list for PBXNativeTarget "ChinaldTests" */ = {
			isa = XCConfigurationList;
			buildConfigurations = (
				E5DBAD9020580B3600B29BFB /* Debug */,
				E5DBAD9120580B3600B29BFB /* Release */,
			);
			defaultConfigurationIsVisible = 0;
			defaultConfigurationName = Release;
		};
		E5DBAD9220580B3600B29BFB /* Build configuration list for PBXNativeTarget "ChinaldUITests" */ = {
			isa = XCConfigurationList;
			buildConfigurations = (
				E5DBAD9320580B3600B29BFB /* Debug */,
				E5DBAD9420580B3600B29BFB /* Release */,
			);
			defaultConfigurationIsVisible = 0;
			defaultConfigurationName = Release;
		};
/* End XCConfigurationList section */
	};
	rootObject = E5DBAD5720580B3600B29BFB /* Project object */;
}
