PODS:
  - AFNetworking (3.1.0):
    - AFNetworking/NSURLSession (= 3.1.0)
    - AFNetworking/Reachability (= 3.1.0)
    - AFNetworking/Security (= 3.1.0)
    - AFNetworking/Serialization (= 3.1.0)
    - AFNetworking/UIKit (= 3.1.0)
  - AFNetworking/NSURLSession (3.1.0):
    - AFNetworking/Reachability
    - AFNetworking/Security
    - AFNetworking/Serialization
  - AFNetworking/Reachability (3.1.0)
  - AFNetworking/Security (3.1.0)
  - AFNetworking/Serialization (3.1.0)
  - AFNetworking/UIKit (3.1.0):
    - AFNetworking/NSURLSession
  - CocoaSecurity (1.2.4)
  - DACircularProgress (2.3.1)
  - DateTools (1.7.0)
  - FMDB (2.6.2):
    - FMDB/standard (= 2.6.2)
  - FMDB/standard (2.6.2)
  - GVUserDefaults (1.0.2)
  - JSONModel (1.7.0)
  - Mantle (2.0.7):
    - Mantle/extobjc (= 2.0.7)
  - Mantle/extobjc (2.0.7)
  - Masonry (1.0.1)
  - MBProgressHUD (1.0.0)
  - MJRefresh (3.1.9)
  - ReactiveCocoa (2.5):
    - ReactiveCocoa/UI (= 2.5)
  - ReactiveCocoa/Core (2.5):
    - ReactiveCocoa/no-arc
  - ReactiveCocoa/no-arc (2.5)
  - ReactiveCocoa/UI (2.5):
    - ReactiveCocoa/Core
  - SDWebImage (3.8.1):
    - SDWebImage/Core (= 3.8.1)
  - SDWebImage/Core (3.8.1)
  - SHSPhoneComponent (2.31)
  - UMCCommon (2.0.1)
  - UMCSecurityPlugins (1.0.6)
  - UMCShare/Core (6.9.5):
    - UMCCommon
  - UMCShare/Social/ReducedQQ (6.9.5):
    - UMCCommon
    - UMCShare/Core
  - UMCShare/Social/ReducedSina (6.9.5):
    - UMCCommon
    - UMCShare/Core
  - UMCShare/Social/ReducedWeChat (6.9.5):
    - UMCCommon
    - UMCShare/Core
  - UMCShare/UI (6.9.5):
    - UMCCommon
    - UMCShare/Core
  - YTKKeyValueStore (0.1.2):
    - FMDB (~> 2.0)
  - YYText (1.0.7)
  - ZipArchive (1.4.0)

DEPENDENCIES:
  - AFNetworking (= 3.1.0)
  - CocoaSecurity (= 1.2.4)
  - DACircularProgress (~> 2.3)
  - DateTools (= 1.7.0)
  - FMDB (= 2.6.2)
  - GVUserDefaults (= 1.0.2)
  - JSONModel (~> 1.7.0)
  - Mantle (= 2.0.7)
  - Masonry (= 1.0.1)
  - MBProgressHUD (= 1.0.0)
  - MJRefresh (= 3.1.9)
  - ReactiveCocoa (= 2.5)
  - SDWebImage (= 3.8.1)
  - SHSPhoneComponent (~> 2.15)
  - UMCCommon
  - UMCSecurityPlugins
  - UMCShare/Social/ReducedQQ
  - UMCShare/Social/ReducedSina
  - UMCShare/Social/ReducedWeChat
  - UMCShare/UI
  - YTKKeyValueStore (= 0.1.2)
  - YYText
  - ZipArchive (~> 1.4.0)

SPEC REPOS:
  https://github.com/cocoapods/specs.git:
    - AFNetworking
    - CocoaSecurity
    - DACircularProgress
    - DateTools
    - FMDB
    - GVUserDefaults
    - JSONModel
    - Mantle
    - Masonry
    - MBProgressHUD
    - MJRefresh
    - ReactiveCocoa
    - SDWebImage
    - SHSPhoneComponent
    - UMCCommon
    - UMCSecurityPlugins
    - UMCShare
    - YTKKeyValueStore
    - YYText
    - ZipArchive

SPEC CHECKSUMS:
  AFNetworking: 5e0e199f73d8626b11e79750991f5d173d1f8b67
  CocoaSecurity: d288a6f87e0f363823d2cb83e753814a6944f71a
  DACircularProgress: 4dd437c0fc3da5161cb289e07ac449493d41db71
  DateTools: 53288ee8b905fdc75897a1e6b5cc0144b14cba60
  FMDB: 854a0341b4726e53276f2a8996f06f1b80f9259a
  GVUserDefaults: 52d48cf8ba578b40a1a76312b196dfc9134ba36a
  JSONModel: 840bc0fcffb24b8454d2c026bf26fea454b8e98d
  Mantle: bc40bb061d8c2c6fb48d5083e04d928c3b7f73d9
  Masonry: a1a931a0d08870ed8ae415a2ea5ea68ebcac77df
  MBProgressHUD: 4890f671c94e8a0f3cf959aa731e9de2f036d71a
  MJRefresh: c5f1f1653e5a1b932c90f78074f2bc86f3f9bd5e
  ReactiveCocoa: e2db045570aa97c695e7aa97c2bcab222ae51f4a
  SDWebImage: 35f9627a3e44b4f292a8a8ce6a531fa488239b91
  SHSPhoneComponent: fa4401ae7c34511669287e62739b3da7c4c49807
  UMCCommon: 0263a057a2e1ae1da4c8308541e56904a493ce13
  UMCSecurityPlugins: 0831a08f3988f3cea9f1d3a7626cd9bee4fef150
  UMCShare: 552b29753f1b4da87b51d96545ed19e6263df397
  YTKKeyValueStore: 4d002941540dd5108fa23009b71e0f2f937f7a0f
  YYText: 5c461d709e24d55a182d1441c41dc639a18a4849
  ZipArchive: e25a4373192673e3229ac8d6e9f64a3e5713c966

PODFILE CHECKSUM: b5548a3aacd93861f08a88c0254d3444767f9d3a

COCOAPODS: 1.6.0.beta.2
